{
  "version": 4,
  "terraform_version": "1.14.3",
  "serial": 493,
  "lineage": "30a1c1bf-7c72-38a6-69ea-1feb3fe76f78",
  "outputs": {},
  "resources": [
    {
      "module": "module.ecr",
      "mode": "managed",
      "type": "aws_ecr_repository",
      "name": "this",
      "provider": "provider[\"registry.terraform.io/hashicorp/aws\"]",
      "instances": [
        {
          "index_key": "chatservice",
          "schema_version": 0,
          "attributes": {
            "arn": "arn:aws:ecr:us-west-2:627195602448:repository/chatroom-dev-chatservice",
            "encryption_configuration": [
              {
                "encryption_type": "AES256",
                "kms_key": ""
              }
            ],
            "force_delete": null,
            "id": "chatroom-dev-chatservice",
            "image_scanning_configuration": [
              {
                "scan_on_push": true
              }
            ],
            "image_tag_mutability": "MUTABLE",
            "image_tag_mutability_exclusion_filter": [],
            "name": "chatroom-dev-chatservice",
            "region": "us-west-2",
            "registry_id": "627195602448",
            "repository_url": "627195602448.dkr.ecr.us-west-2.amazonaws.com/chatroom-dev-chatservice",
            "tags": {
              "Name": "chatroom-dev-chatservice"
            },
            "tags_all": {
              "Environment": "dev",
              "ManagedBy": "terraform",
              "Name": "chatroom-dev-chatservice",
              "Project": "chatroom"
            },
            "timeouts": null
          },
          "sensitive_attributes": [],
          "identity_schema_version": 0,
          "identity": {
            "account_id": "627195602448",
            "name": "chatroom-dev-chatservice",
            "region": "us-west-2"
          },
          "private": "eyJlMmJmYjczMC1lY2FhLTExZTYtOGY4OC0zNDM2M2JjN2M0YzAiOnsiZGVsZXRlIjoxMjAwMDAwMDAwMDAwfX0="
        },
        {
          "index_key": "gateway",
          "schema_version": 0,
          "attributes": {
            "arn": "arn:aws:ecr:us-west-2:627195602448:repository/chatroom-dev-gateway",
            "encryption_configuration": [
              {
                "encryption_type": "AES256",
                "kms_key": ""
              }
            ],
            "force_delete": null,
            "id": "chatroom-dev-gateway",
            "image_scanning_configuration": [
              {
                "scan_on_push": true
              }
            ],
            "image_tag_mutability": "MUTABLE",
            "image_tag_mutability_exclusion_filter": [],
            "name": "chatroom-dev-gateway",
            "region": "us-west-2",
            "registry_id": "627195602448",
            "repository_url": "627195602448.dkr.ecr.us-west-2.amazonaws.com/chatroom-dev-gateway",
            "tags": {
              "Name": "chatroom-dev-gateway"
            },
            "tags_all": {
              "Environment": "dev",
              "ManagedBy": "terraform",
              "Name": "chatroom-dev-gateway",
              "Project": "chatroom"
            },
            "timeouts": null
          },
          "sensitive_attributes": [],
          "identity_schema_version": 0,
          "identity": {
            "account_id": "627195602448",
            "name": "chatroom-dev-gateway",
            "region": "us-west-2"
          },
          "private": "eyJlMmJmYjczMC1lY2FhLTExZTYtOGY4OC0zNDM2M2JjN2M0YzAiOnsiZGVsZXRlIjoxMjAwMDAwMDAwMDAwfX0="
        },
        {
          "index_key": "messagestorage",
          "schema_version": 0,
          "attributes": {
            "arn": "arn:aws:ecr:us-west-2:627195602448:repository/chatroom-dev-messagestorage",
            "encryption_configuration": [
              {
                "encryption_type": "AES256",
                "kms_key": ""
              }
            ],
            "force_delete": null,
            "id": "chatroom-dev-messagestorage",
            "image_scanning_configuration": [
              {
                "scan_on_push": true
              }
            ],
            "image_tag_mutability": "MUTABLE",
            "image_tag_mutability_exclusion_filter": [],
            "name": "chatroom-dev-messagestorage",
            "region": "us-west-2",
            "registry_id": "627195602448",
            "repository_url": "627195602448.dkr.ecr.us-west-2.amazonaws.com/chatroom-dev-messagestorage",
            "tags": {
              "Name": "chatroom-dev-messagestorage"
            },
            "tags_all": {
              "Environment": "dev",
              "ManagedBy": "terraform",
              "Name": "chatroom-dev-messagestorage",
              "Project": "chatroom"
            },
            "timeouts": null
          },
          "sensitive_attributes": [],
          "identity_schema_version": 0,
          "identity": {
            "account_id": "627195602448",
            "name": "chatroom-dev-messagestorage",
            "region": "us-west-2"
          },
          "private": "eyJlMmJmYjczMC1lY2FhLTExZTYtOGY4OC0zNDM2M2JjN2M0YzAiOnsiZGVsZXRlIjoxMjAwMDAwMDAwMDAwfX0="
        },
        {
          "index_key": "messagetransmit",
          "schema_version": 0,
          "attributes": {
            "arn": "arn:aws:ecr:us-west-2:627195602448:repository/chatroom-dev-messagetransmit",
            "encryption_configuration": [
              {
                "encryption_type": "AES256",
                "kms_key": ""
              }
            ],
            "force_delete": null,
            "id": "chatroom-dev-messagetransmit",
            "image_scanning_configuration": [
              {
                "scan_on_push": true
              }
            ],
            "image_tag_mutability": "MUTABLE",
            "image_tag_mutability_exclusion_filter": [],
            "name": "chatroom-dev-messagetransmit",
            "region": "us-west-2",
            "registry_id": "627195602448",
            "repository_url": "627195602448.dkr.ecr.us-west-2.amazonaws.com/chatroom-dev-messagetransmit",
            "tags": {
              "Name": "chatroom-dev-messagetransmit"
            },
            "tags_all": {
              "Environment": "dev",
              "ManagedBy": "terraform",
              "Name": "chatroom-dev-messagetransmit",
              "Project": "chatroom"
            },
            "timeouts": null
          },
          "sensitive_attributes": [],
          "identity_schema_version": 0,
          "identity": {
            "account_id": "627195602448",
            "name": "chatroom-dev-messagetransmit",
            "region": "us-west-2"
          },
          "private": "eyJlMmJmYjczMC1lY2FhLTExZTYtOGY4OC0zNDM2M2JjN2M0YzAiOnsiZGVsZXRlIjoxMjAwMDAwMDAwMDAwfX0="
        }
      ]
    }
  ],
  "check_results": null
}
